// !$*UTF8*$!
{
	archiveVersion = 1;
	classes = {
	};
	objectVersion = 56;
	objects = {

/* Begin PBXBuildFile section */
		D0949F082A87DF1C00585482 /* BennettsBlogApp.swift in Sources */ = {isa = PBXBuildFile; fileRef = D0949F072A87DF1C00585482 /* BennettsBlogApp.swift */; };
		D0949F0A2A87DF1C00585482 /* HomeBlogsView.swift in Sources */ = {isa = PBXBuildFile; fileRef = D0949F092A87DF1C00585482 /* HomeBlogsView.swift */; };
		D0949F0C2A87DF1D00585482 /* Assets.xcassets in Resources */ = {isa = PBXBuildFile; fileRef = D0949F0B2A87DF1D00585482 /* Assets.xcassets */; };
		D0949F0F2A87DF1D00585482 /* Preview Assets.xcassets in Resources */ = {isa = PBXBuildFile; fileRef = D0949F0E2A87DF1D00585482 /* Preview Assets.xcassets */; };
		D0949F192A87DF1D00585482 /* BennettsBlogTests.swift in Sources */ = {isa = PBXBuildFile; fileRef = D0949F182A87DF1D00585482 /* BennettsBlogTests.swift */; };
		D0949F232A87DF1D00585482 /* BennettsBlogUITests.swift in Sources */ = {isa = PBXBuildFile; fileRef = D0949F222A87DF1D00585482 /* BennettsBlogUITests.swift */; };
		D0949F252A87DF1D00585482 /* BennettsBlogUITestsLaunchTests.swift in Sources */ = {isa = PBXBuildFile; fileRef = D0949F242A87DF1D00585482 /* BennettsBlogUITestsLaunchTests.swift */; };
		D0949F3C2A88237000585482 /* HomeBlogsViewModel.swift in Sources */ = {isa = PBXBuildFile; fileRef = D0949F3B2A88237000585482 /* HomeBlogsViewModel.swift */; };
		D0949F3E2A88238A00585482 /* BlogDetailView.swift in Sources */ = {isa = PBXBuildFile; fileRef = D0949F3D2A88238A00585482 /* BlogDetailView.swift */; };
		D0949F402A88239200585482 /* BlogDetailViewModel.swift in Sources */ = {isa = PBXBuildFile; fileRef = D0949F3F2A88239200585482 /* BlogDetailViewModel.swift */; };
		D0949F422A8823BB00585482 /* BlogsModel.swift in Sources */ = {isa = PBXBuildFile; fileRef = D0949F412A8823BB00585482 /* BlogsModel.swift */; };
		D0949F452A8823D700585482 /* APIService.swift in Sources */ = {isa = PBXBuildFile; fileRef = D0949F442A8823D700585482 /* APIService.swift */; };
/* End PBXBuildFile section */

/* Begin PBXContainerItemProxy section */
		D0949F152A87DF1D00585482 /* PBXContainerItemProxy */ = {
			isa = PBXContainerItemProxy;
			containerPortal = D0949EFC2A87DF1C00585482 /* Project object */;
			proxyType = 1;
			remoteGlobalIDString = D0949F032A87DF1C00585482;
			remoteInfo = BennettsBlog;
		};
		D0949F1F2A87DF1D00585482 /* PBXContainerItemProxy */ = {
			isa = PBXContainerItemProxy;
			containerPortal = D0949EFC2A87DF1C00585482 /* Project object */;
			proxyType = 1;
			remoteGlobalIDString = D0949F032A87DF1C00585482;
			remoteInfo = BennettsBlog;
		};
/* End PBXContainerItemProxy section */

/* Begin PBXFileReference section */
		D0949F042A87DF1C00585482 /* BennettsBlog.app */ = {isa = PBXFileReference; explicitFileType = wrapper.application; includeInIndex = 0; path = BennettsBlog.app; sourceTree = BUILT_PRODUCTS_DIR; };
		D0949F072A87DF1C00585482 /* BennettsBlogApp.swift */ = {isa = PBXFileReference; lastKnownFileType = sourcecode.swift; path = BennettsBlogApp.swift; sourceTree = "<group>"; };
		D0949F092A87DF1C00585482 /* HomeBlogsView.swift */ = {isa = PBXFileReference; lastKnownFileType = sourcecode.swift; path = HomeBlogsView.swift; sourceTree = "<group>"; };
		D0949F0B2A87DF1D00585482 /* Assets.xcassets */ = {isa = PBXFileReference; lastKnownFileType = folder.assetcatalog; path = Assets.xcassets; sourceTree = "<group>"; };
		D0949F0E2A87DF1D00585482 /* Preview Assets.xcassets */ = {isa = PBXFileReference; lastKnownFileType = folder.assetcatalog; path = "Preview Assets.xcassets"; sourceTree = "<group>"; };
		D0949F142A87DF1D00585482 /* BennettsBlogTests.xctest */ = {isa = PBXFileReference; explicitFileType = wrapper.cfbundle; includeInIndex = 0; path = BennettsBlogTests.xctest; sourceTree = BUILT_PRODUCTS_DIR; };
		D0949F182A87DF1D00585482 /* BennettsBlogTests.swift */ = {isa = PBXFileReference; lastKnownFileType = sourcecode.swift; path = BennettsBlogTests.swift; sourceTree = "<group>"; };
		D0949F1E2A87DF1D00585482 /* BennettsBlogUITests.xctest */ = {isa = PBXFileReference; explicitFileType = wrapper.cfbundle; includeInIndex = 0; path = BennettsBlogUITests.xctest; sourceTree = BUILT_PRODUCTS_DIR; };
		D0949F222A87DF1D00585482 /* BennettsBlogUITests.swift */ = {isa = PBXFileReference; lastKnownFileType = sourcecode.swift; path = BennettsBlogUITests.swift; sourceTree = "<group>"; };
		D0949F242A87DF1D00585482 /* BennettsBlogUITestsLaunchTests.swift */ = {isa = PBXFileReference; lastKnownFileType = sourcecode.swift; path = BennettsBlogUITestsLaunchTests.swift; sourceTree = "<group>"; };
		D0949F3B2A88237000585482 /* HomeBlogsViewModel.swift */ = {isa = PBXFileReference; lastKnownFileType = sourcecode.swift; path = HomeBlogsViewModel.swift; sourceTree = "<group>"; };
		D0949F3D2A88238A00585482 /* BlogDetailView.swift */ = {isa = PBXFileReference; lastKnownFileType = sourcecode.swift; path = BlogDetailView.swift; sourceTree = "<group>"; };
		D0949F3F2A88239200585482 /* BlogDetailViewModel.swift */ = {isa = PBXFileReference; lastKnownFileType = sourcecode.swift; path = BlogDetailViewModel.swift; sourceTree = "<group>"; };
		D0949F412A8823BB00585482 /* BlogsModel.swift */ = {isa = PBXFileReference; lastKnownFileType = sourcecode.swift; path = BlogsModel.swift; sourceTree = "<group>"; };
		D0949F442A8823D700585482 /* APIService.swift */ = {isa = PBXFileReference; lastKnownFileType = sourcecode.swift; path = APIService.swift; sourceTree = "<group>"; };
/* End PBXFileReference section */

/* Begin PBXFrameworksBuildPhase section */
		D0949F012A87DF1C00585482 /* Frameworks */ = {
			isa = PBXFrameworksBuildPhase;
			buildActionMask = 2147483647;
			files = (
			);
			runOnlyForDeploymentPostprocessing = 0;
		};
		D0949F112A87DF1D00585482 /* Frameworks */ = {
			isa = PBXFrameworksBuildPhase;
			buildActionMask = 2147483647;
			files = (
			);
			runOnlyForDeploymentPostprocessing = 0;
		};
		D0949F1B2A87DF1D00585482 /* Frameworks */ = {
			isa = PBXFrameworksBuildPhase;
			buildActionMask = 2147483647;
			files = (
			);
			runOnlyForDeploymentPostprocessing = 0;
		};
/* End PBXFrameworksBuildPhase section */

/* Begin PBXGroup section */
		D0949EFB2A87DF1C00585482 = {
			isa = PBXGroup;
			children = (
				D0949F312A8822E200585482 /* Tests */,
				D0949F062A87DF1C00585482 /* BennettsBlog */,
				D0949F052A87DF1C00585482 /* Products */,
			);
			sourceTree = "<group>";
		};
		D0949F052A87DF1C00585482 /* Products */ = {
			isa = PBXGroup;
			children = (
				D0949F042A87DF1C00585482 /* BennettsBlog.app */,
				D0949F142A87DF1D00585482 /* BennettsBlogTests.xctest */,
				D0949F1E2A87DF1D00585482 /* BennettsBlogUITests.xctest */,
			);
			name = Products;
			sourceTree = "<group>";
		};
		D0949F062A87DF1C00585482 /* BennettsBlog */ = {
			isa = PBXGroup;
			children = (
				D0949F342A88230C00585482 /* Features */,
				D0949F332A88230300585482 /* Network */,
				D0949F072A87DF1C00585482 /* BennettsBlogApp.swift */,
				D0949F0B2A87DF1D00585482 /* Assets.xcassets */,
				D0949F0D2A87DF1D00585482 /* Preview Content */,
			);
			path = BennettsBlog;
			sourceTree = "<group>";
		};
		D0949F0D2A87DF1D00585482 /* Preview Content */ = {
			isa = PBXGroup;
			children = (
				D0949F0E2A87DF1D00585482 /* Preview Assets.xcassets */,
			);
			path = "Preview Content";
			sourceTree = "<group>";
		};
		D0949F172A87DF1D00585482 /* BennettsBlogTests */ = {
			isa = PBXGroup;
			children = (
				D0949F182A87DF1D00585482 /* BennettsBlogTests.swift */,
			);
			path = BennettsBlogTests;
			sourceTree = "<group>";
		};
		D0949F212A87DF1D00585482 /* BennettsBlogUITests */ = {
			isa = PBXGroup;
			children = (
				D0949F222A87DF1D00585482 /* BennettsBlogUITests.swift */,
				D0949F242A87DF1D00585482 /* BennettsBlogUITestsLaunchTests.swift */,
			);
			path = BennettsBlogUITests;
			sourceTree = "<group>";
		};
		D0949F312A8822E200585482 /* Tests */ = {
			isa = PBXGroup;
			children = (
				D0949F172A87DF1D00585482 /* BennettsBlogTests */,
				D0949F212A87DF1D00585482 /* BennettsBlogUITests */,
			);
			path = Tests;
			sourceTree = "<group>";
		};
		D0949F322A8822F600585482 /* Models */ = {
			isa = PBXGroup;
			children = (
				D0949F412A8823BB00585482 /* BlogsModel.swift */,
			);
			path = Models;
			sourceTree = "<group>";
		};
		D0949F332A88230300585482 /* Network */ = {
			isa = PBXGroup;
			children = (
				D0949F432A8823C700585482 /* API */,
				D0949F322A8822F600585482 /* Models */,
			);
			path = Network;
			sourceTree = "<group>";
		};
		D0949F342A88230C00585482 /* Features */ = {
			isa = PBXGroup;
			children = (
				D0949F362A88232B00585482 /* BlogDetail */,
				D0949F352A88231600585482 /* HomeBlogs */,
			);
			path = Features;
			sourceTree = "<group>";
		};
		D0949F352A88231600585482 /* HomeBlogs */ = {
			isa = PBXGroup;
			children = (
				D0949F382A88234F00585482 /* ViewModel */,
				D0949F372A88234A00585482 /* View */,
				D0949F092A87DF1C00585482 /* HomeBlogsView.swift */,
			);
			path = HomeBlogs;
			sourceTree = "<group>";
		};
		D0949F362A88232B00585482 /* BlogDetail */ = {
			isa = PBXGroup;
			children = (
				D0949F3A2A88235A00585482 /* ViewModel */,
				D0949F392A88235500585482 /* View */,
			);
			path = BlogDetail;
			sourceTree = "<group>";
		};
		D0949F372A88234A00585482 /* View */ = {
			isa = PBXGroup;
			children = (
			);
			path = View;
			sourceTree = "<group>";
		};
		D0949F382A88234F00585482 /* ViewModel */ = {
			isa = PBXGroup;
			children = (
				D0949F3B2A88237000585482 /* HomeBlogsViewModel.swift */,
			);
			path = ViewModel;
			sourceTree = "<group>";
		};
		D0949F392A88235500585482 /* View */ = {
			isa = PBXGroup;
			children = (
				D0949F3D2A88238A00585482 /* BlogDetailView.swift */,
			);
			path = View;
			sourceTree = "<group>";
		};
		D0949F3A2A88235A00585482 /* ViewModel */ = {
			isa = PBXGroup;
			children = (
				D0949F3F2A88239200585482 /* BlogDetailViewModel.swift */,
			);
			path = ViewModel;
			sourceTree = "<group>";
		};
		D0949F432A8823C700585482 /* API */ = {
			isa = PBXGroup;
			children = (
				D0949F442A8823D700585482 /* APIService.swift */,
			);
			path = API;
			sourceTree = "<group>";
		};
/* End PBXGroup section */

/* Begin PBXNativeTarget section */
		D0949F032A87DF1C00585482 /* BennettsBlog */ = {
			isa = PBXNativeTarget;
			buildConfigurationList = D0949F282A87DF1D00585482 /* Build configuration list for PBXNativeTarget "BennettsBlog" */;
			buildPhases = (
				D0949F002A87DF1C00585482 /* Sources */,
				D0949F012A87DF1C00585482 /* Frameworks */,
				D0949F022A87DF1C00585482 /* Resources */,
			);
			buildRules = (
			);
			dependencies = (
			);
			name = BennettsBlog;
			productName = BennettsBlog;
			productReference = D0949F042A87DF1C00585482 /* BennettsBlog.app */;
			productType = "com.apple.product-type.application";
		};
		D0949F132A87DF1D00585482 /* BennettsBlogTests */ = {
			isa = PBXNativeTarget;
			buildConfigurationList = D0949F2B2A87DF1D00585482 /* Build configuration list for PBXNativeTarget "BennettsBlogTests" */;
			buildPhases = (
				D0949F102A87DF1D00585482 /* Sources */,
				D0949F112A87DF1D00585482 /* Frameworks */,
				D0949F122A87DF1D00585482 /* Resources */,
			);
			buildRules = (
			);
			dependencies = (
				D0949F162A87DF1D00585482 /* PBXTargetDependency */,
			);
			name = BennettsBlogTests;
			productName = BennettsBlogTests;
			productReference = D0949F142A87DF1D00585482 /* BennettsBlogTests.xctest */;
			productType = "com.apple.product-type.bundle.unit-test";
		};
		D0949F1D2A87DF1D00585482 /* BennettsBlogUITests */ = {
			isa = PBXNativeTarget;
			buildConfigurationList = D0949F2E2A87DF1D00585482 /* Build configuration list for PBXNativeTarget "BennettsBlogUITests" */;
			buildPhases = (
				D0949F1A2A87DF1D00585482 /* Sources */,
				D0949F1B2A87DF1D00585482 /* Frameworks */,
				D0949F1C2A87DF1D00585482 /* Resources */,
			);
			buildRules = (
			);
			dependencies = (
				D0949F202A87DF1D00585482 /* PBXTargetDependency */,
			);
			name = BennettsBlogUITests;
			productName = BennettsBlogUITests;
			productReference = D0949F1E2A87DF1D00585482 /* BennettsBlogUITests.xctest */;
			productType = "com.apple.product-type.bundle.ui-testing";
		};
/* End PBXNativeTarget section */

/* Begin PBXProject section */
		D0949EFC2A87DF1C00585482 /* Project object */ = {
			isa = PBXProject;
			attributes = {
				BuildIndependentTargetsInParallel = 1;
				LastSwiftUpdateCheck = 1430;
				LastUpgradeCheck = 1430;
				TargetAttributes = {
					D0949F032A87DF1C00585482 = {
						CreatedOnToolsVersion = 14.3;
					};
					D0949F132A87DF1D00585482 = {
						CreatedOnToolsVersion = 14.3;
						TestTargetID = D0949F032A87DF1C00585482;
					};
					D0949F1D2A87DF1D00585482 = {
						CreatedOnToolsVersion = 14.3;
						TestTargetID = D0949F032A87DF1C00585482;
					};
				};
			};
			buildConfigurationList = D0949EFF2A87DF1C00585482 /* Build configuration list for PBXProject "BennettsBlog" */;
			compatibilityVersion = "Xcode 14.0";
			developmentRegion = en;
			hasScannedForEncodings = 0;
			knownRegions = (
				en,
				Base,
			);
			mainGroup = D0949EFB2A87DF1C00585482;
			productRefGroup = D0949F052A87DF1C00585482 /* Products */;
			projectDirPath = "";
			projectRoot = "";
			targets = (
				D0949F032A87DF1C00585482 /* BennettsBlog */,
				D0949F132A87DF1D00585482 /* BennettsBlogTests */,
				D0949F1D2A87DF1D00585482 /* BennettsBlogUITests */,
			);
		};
/* End PBXProject section */

/* Begin PBXResourcesBuildPhase section */
		D0949F022A87DF1C00585482 /* Resources */ = {
			isa = PBXResourcesBuildPhase;
			buildActionMask = 2147483647;
			files = (
				D0949F0F2A87DF1D00585482 /* Preview Assets.xcassets in Resources */,
				D0949F0C2A87DF1D00585482 /* Assets.xcassets in Resources */,
			);
			runOnlyForDeploymentPostprocessing = 0;
		};
		D0949F122A87DF1D00585482 /* Resources */ = {
			isa = PBXResourcesBuildPhase;
			buildActionMask = 2147483647;
			files = (
			);
			runOnlyForDeploymentPostprocessing = 0;
		};
		D0949F1C2A87DF1D00585482 /* Resources */ = {
			isa = PBXResourcesBuildPhase;
			buildActionMask = 2147483647;
			files = (
			);
			runOnlyForDeploymentPostprocessing = 0;
		};
/* End PBXResourcesBuildPhase section */

/* Begin PBXSourcesBuildPhase section */
		D0949F002A87DF1C00585482 /* Sources */ = {
			isa = PBXSourcesBuildPhase;
			buildActionMask = 2147483647;
			files = (
				D0949F0A2A87DF1C00585482 /* HomeBlogsView.swift in Sources */,
				D0949F452A8823D700585482 /* APIService.swift in Sources */,
				D0949F422A8823BB00585482 /* BlogsModel.swift in Sources */,
				D0949F402A88239200585482 /* BlogDetailViewModel.swift in Sources */,
				D0949F3E2A88238A00585482 /* BlogDetailView.swift in Sources */,
				D0949F3C2A88237000585482 /* HomeBlogsViewModel.swift in Sources */,
				D0949F082A87DF1C00585482 /* BennettsBlogApp.swift in Sources */,
			);
			runOnlyForDeploymentPostprocessing = 0;
		};
		D0949F102A87DF1D00585482 /* Sources */ = {
			isa = PBXSourcesBuildPhase;
			buildActionMask = 2147483647;
			files = (
				D0949F192A87DF1D00585482 /* BennettsBlogTests.swift in Sources */,
			);
			runOnlyForDeploymentPostprocessing = 0;
		};
		D0949F1A2A87DF1D00585482 /* Sources */ = {
			isa = PBXSourcesBuildPhase;
			buildActionMask = 2147483647;
			files = (
				D0949F232A87DF1D00585482 /* BennettsBlogUITests.swift in Sources */,
				D0949F252A87DF1D00585482 /* BennettsBlogUITestsLaunchTests.swift in Sources */,
			);
			runOnlyForDeploymentPostprocessing = 0;
		};
/* End PBXSourcesBuildPhase section */

/* Begin PBXTargetDependency section */
		D0949F162A87DF1D00585482 /* PBXTargetDependency */ = {
			isa = PBXTargetDependency;
			target = D0949F032A87DF1C00585482 /* BennettsBlog */;
			targetProxy = D0949F152A87DF1D00585482 /* PBXContainerItemProxy */;
		};
		D0949F202A87DF1D00585482 /* PBXTargetDependency */ = {
			isa = PBXTargetDependency;
			target = D0949F032A87DF1C00585482 /* BennettsBlog */;
			targetProxy = D0949F1F2A87DF1D00585482 /* PBXContainerItemProxy */;
		};
/* End PBXTargetDependency section */

/* Begin XCBuildConfiguration section */
		D0949F262A87DF1D00585482 /* Debug */ = {
			isa = XCBuildConfiguration;
			buildSettings = {
				ALWAYS_SEARCH_USER_PATHS = NO;
				CLANG_ANALYZER_NONNULL = YES;
				CLANG_ANALYZER_NUMBER_OBJECT_CONVERSION = YES_AGGRESSIVE;
				CLANG_CXX_LANGUAGE_STANDARD = "gnu++20";
				CLANG_ENABLE_MODULES = YES;
				CLANG_ENABLE_OBJC_ARC = YES;
				CLANG_ENABLE_OBJC_WEAK = YES;
				CLANG_WARN_BLOCK_CAPTURE_AUTORELEASING = YES;
				CLANG_WARN_BOOL_CONVERSION = YES;
				CLANG_WARN_COMMA = YES;
				CLANG_WARN_CONSTANT_CONVERSION = YES;
				CLANG_WARN_DEPRECATED_OBJC_IMPLEMENTATIONS = YES;
				CLANG_WARN_DIRECT_OBJC_ISA_USAGE = YES_ERROR;
				CLANG_WARN_DOCUMENTATION_COMMENTS = YES;
				CLANG_WARN_EMPTY_BODY = YES;
				CLANG_WARN_ENUM_CONVERSION = YES;
				CLANG_WARN_INFINITE_RECURSION = YES;
				CLANG_WARN_INT_CONVERSION = YES;
				CLANG_WARN_NON_LITERAL_NULL_CONVERSION = YES;
				CLANG_WARN_OBJC_IMPLICIT_RETAIN_SELF = YES;
				CLANG_WARN_OBJC_LITERAL_CONVERSION = YES;
				CLANG_WARN_OBJC_ROOT_CLASS = YES_ERROR;
				CLANG_WARN_QUOTED_INCLUDE_IN_FRAMEWORK_HEADER = YES;
				CLANG_WARN_RANGE_LOOP_ANALYSIS = YES;
				CLANG_WARN_STRICT_PROTOTYPES = YES;
				CLANG_WARN_SUSPICIOUS_MOVE = YES;
				CLANG_WARN_UNGUARDED_AVAILABILITY = YES_AGGRESSIVE;
				CLANG_WARN_UNREACHABLE_CODE = YES;
				CLANG_WARN__DUPLICATE_METHOD_MATCH = YES;
				COPY_PHASE_STRIP = NO;
				DEBUG_INFORMATION_FORMAT = dwarf;
				ENABLE_STRICT_OBJC_MSGSEND = YES;
				ENABLE_TESTABILITY = YES;
				GCC_C_LANGUAGE_STANDARD = gnu11;
				GCC_DYNAMIC_NO_PIC = NO;
				GCC_NO_COMMON_BLOCKS = YES;
				GCC_OPTIMIZATION_LEVEL = 0;
				GCC_PREPROCESSOR_DEFINITIONS = (
					"DEBUG=1",
					"$(inherited)",
				);
				GCC_WARN_64_TO_32_BIT_CONVERSION = YES;
				GCC_WARN_ABOUT_RETURN_TYPE = YES_ERROR;
				GCC_WARN_UNDECLARED_SELECTOR = YES;
				GCC_WARN_UNINITIALIZED_AUTOS = YES_AGGRESSIVE;
				GCC_WARN_UNUSED_FUNCTION = YES;
				GCC_WARN_UNUSED_VARIABLE = YES;
				IPHONEOS_DEPLOYMENT_TARGET = 16.4;
				MTL_ENABLE_DEBUG_INFO = INCLUDE_SOURCE;
				MTL_FAST_MATH = YES;
				ONLY_ACTIVE_ARCH = YES;
				SDKROOT = iphoneos;
				SWIFT_ACTIVE_COMPILATION_CONDITIONS = DEBUG;
				SWIFT_OPTIMIZATION_LEVEL = "-Onone";
			};
			name = Debug;
		};
		D0949F272A87DF1D00585482 /* Release */ = {
			isa = XCBuildConfiguration;
			buildSettings = {
				ALWAYS_SEARCH_USER_PATHS = NO;
				CLANG_ANALYZER_NONNULL = YES;
				CLANG_ANALYZER_NUMBER_OBJECT_CONVERSION = YES_AGGRESSIVE;
				CLANG_CXX_LANGUAGE_STANDARD = "gnu++20";
				CLANG_ENABLE_MODULES = YES;
				CLANG_ENABLE_OBJC_ARC = YES;
				CLANG_ENABLE_OBJC_WEAK = YES;
				CLANG_WARN_BLOCK_CAPTURE_AUTORELEASING = YES;
				CLANG_WARN_BOOL_CONVERSION = YES;
				CLANG_WARN_COMMA = YES;
				CLANG_WARN_CONSTANT_CONVERSION = YES;
				CLANG_WARN_DEPRECATED_OBJC_IMPLEMENTATIONS = YES;
				CLANG_WARN_DIRECT_OBJC_ISA_USAGE = YES_ERROR;
				CLANG_WARN_DOCUMENTATION_COMMENTS = YES;
				CLANG_WARN_EMPTY_BODY = YES;
				CLANG_WARN_ENUM_CONVERSION = YES;
				CLANG_WARN_INFINITE_RECURSION = YES;
				CLANG_WARN_INT_CONVERSION = YES;
				CLANG_WARN_NON_LITERAL_NULL_CONVERSION = YES;
				CLANG_WARN_OBJC_IMPLICIT_RETAIN_SELF = YES;
				CLANG_WARN_OBJC_LITERAL_CONVERSION = YES;
				CLANG_WARN_OBJC_ROOT_CLASS = YES_ERROR;
				CLANG_WARN_QUOTED_INCLUDE_IN_FRAMEWORK_HEADER = YES;
				CLANG_WARN_RANGE_LOOP_ANALYSIS = YES;
				CLANG_WARN_STRICT_PROTOTYPES = YES;
				CLANG_WARN_SUSPICIOUS_MOVE = YES;
				CLANG_WARN_UNGUARDED_AVAILABILITY = YES_AGGRESSIVE;
				CLANG_WARN_UNREACHABLE_CODE = YES;
				CLANG_WARN__DUPLICATE_METHOD_MATCH = YES;
				COPY_PHASE_STRIP = NO;
				DEBUG_INFORMATION_FORMAT = "dwarf-with-dsym";
				ENABLE_NS_ASSERTIONS = NO;
				ENABLE_STRICT_OBJC_MSGSEND = YES;
				GCC_C_LANGUAGE_STANDARD = gnu11;
				GCC_NO_COMMON_BLOCKS = YES;
				GCC_WARN_64_TO_32_BIT_CONVERSION = YES;
				GCC_WARN_ABOUT_RETURN_TYPE = YES_ERROR;
				GCC_WARN_UNDECLARED_SELECTOR = YES;
				GCC_WARN_UNINITIALIZED_AUTOS = YES_AGGRESSIVE;
				GCC_WARN_UNUSED_FUNCTION = YES;
				GCC_WARN_UNUSED_VARIABLE = YES;
				IPHONEOS_DEPLOYMENT_TARGET = 16.4;
				MTL_ENABLE_DEBUG_INFO = NO;
				MTL_FAST_MATH = YES;
				SDKROOT = iphoneos;
				SWIFT_COMPILATION_MODE = wholemodule;
				SWIFT_OPTIMIZATION_LEVEL = "-O";
				VALIDATE_PRODUCT = YES;
			};
			name = Release;
		};
		D0949F292A87DF1D00585482 /* Debug */ = {
			isa = XCBuildConfiguration;
			buildSettings = {
				ASSETCATALOG_COMPILER_APPICON_NAME = AppIcon;
				ASSETCATALOG_COMPILER_GLOBAL_ACCENT_COLOR_NAME = AccentColor;
				CODE_SIGN_STYLE = Automatic;
				CURRENT_PROJECT_VERSION = 1;
				DEVELOPMENT_ASSET_PATHS = "\"BennettsBlog/Preview Content\"";
				DEVELOPMENT_TEAM = FZQXZ63VCV;
				ENABLE_PREVIEWS = YES;
				GENERATE_INFOPLIST_FILE = YES;
				INFOPLIST_KEY_UIApplicationSceneManifest_Generation = YES;
				INFOPLIST_KEY_UIApplicationSupportsIndirectInputEvents = YES;
				INFOPLIST_KEY_UILaunchScreen_Generation = YES;
				INFOPLIST_KEY_UISupportedInterfaceOrientations_iPad = "UIInterfaceOrientationPortrait UIInterfaceOrientationPortraitUpsideDown UIInterfaceOrientationLandscapeLeft UIInterfaceOrientationLandscapeRight";
				INFOPLIST_KEY_UISupportedInterfaceOrientations_iPhone = "UIInterfaceOrientationPortrait UIInterfaceOrientationLandscapeLeft UIInterfaceOrientationLandscapeRight";
				LD_RUNPATH_SEARCH_PATHS = (
					"$(inherited)",
					"@executable_path/Frameworks",
				);
				MARKETING_VERSION = 1.0;
				PRODUCT_BUNDLE_IDENTIFIER = com.azharIslam.BennettsBlog;
				PRODUCT_NAME = "$(TARGET_NAME)";
				SWIFT_EMIT_LOC_STRINGS = YES;
				SWIFT_VERSION = 5.0;
				TARGETED_DEVICE_FAMILY = "1,2";
			};
			name = Debug;
		};
		D0949F2A2A87DF1D00585482 /* Release */ = {
			isa = XCBuildConfiguration;
			buildSettings = {
				ASSETCATALOG_COMPILER_APPICON_NAME = AppIcon;
				ASSETCATALOG_COMPILER_GLOBAL_ACCENT_COLOR_NAME = AccentColor;
				CODE_SIGN_STYLE = Automatic;
				CURRENT_PROJECT_VERSION = 1;
				DEVELOPMENT_ASSET_PATHS = "\"BennettsBlog/Preview Content\"";
				DEVELOPMENT_TEAM = FZQXZ63VCV;
				ENABLE_PREVIEWS = YES;
				GENERATE_INFOPLIST_FILE = YES;
				INFOPLIST_KEY_UIApplicationSceneManifest_Generation = YES;
				INFOPLIST_KEY_UIApplicationSupportsIndirectInputEvents = YES;
				INFOPLIST_KEY_UILaunchScreen_Generation = YES;
				INFOPLIST_KEY_UISupportedInterfaceOrientations_iPad = "UIInterfaceOrientationPortrait UIInterfaceOrientationPortraitUpsideDown UIInterfaceOrientationLandscapeLeft UIInterfaceOrientationLandscapeRight";
				INFOPLIST_KEY_UISupportedInterfaceOrientations_iPhone = "UIInterfaceOrientationPortrait UIInterfaceOrientationLandscapeLeft UIInterfaceOrientationLandscapeRight";
				LD_RUNPATH_SEARCH_PATHS = (
					"$(inherited)",
					"@executable_path/Frameworks",
				);
				MARKETING_VERSION = 1.0;
				PRODUCT_BUNDLE_IDENTIFIER = com.azharIslam.BennettsBlog;
				PRODUCT_NAME = "$(TARGET_NAME)";
				SWIFT_EMIT_LOC_STRINGS = YES;
				SWIFT_VERSION = 5.0;
				TARGETED_DEVICE_FAMILY = "1,2";
			};
			name = Release;
		};
		D0949F2C2A87DF1D00585482 /* Debug */ = {
			isa = XCBuildConfiguration;
			buildSettings = {
				ALWAYS_EMBED_SWIFT_STANDARD_LIBRARIES = YES;
				BUNDLE_LOADER = "$(TEST_HOST)";
				CODE_SIGN_STYLE = Automatic;
				CURRENT_PROJECT_VERSION = 1;
				DEVELOPMENT_TEAM = FZQXZ63VCV;
				GENERATE_INFOPLIST_FILE = YES;
				IPHONEOS_DEPLOYMENT_TARGET = 16.4;
				MARKETING_VERSION = 1.0;
				PRODUCT_BUNDLE_IDENTIFIER = com.azharIslam.BennettsBlogTests;
				PRODUCT_NAME = "$(TARGET_NAME)";
				SWIFT_EMIT_LOC_STRINGS = NO;
				SWIFT_VERSION = 5.0;
				TARGETED_DEVICE_FAMILY = "1,2";
				TEST_HOST = "$(BUILT_PRODUCTS_DIR)/BennettsBlog.app/$(BUNDLE_EXECUTABLE_FOLDER_PATH)/BennettsBlog";
			};
			name = Debug;
		};
		D0949F2D2A87DF1D00585482 /* Release */ = {
			isa = XCBuildConfiguration;
			buildSettings = {
				ALWAYS_EMBED_SWIFT_STANDARD_LIBRARIES = YES;
				BUNDLE_LOADER = "$(TEST_HOST)";
				CODE_SIGN_STYLE = Automatic;
				CURRENT_PROJECT_VERSION = 1;
				DEVELOPMENT_TEAM = FZQXZ63VCV;
				GENERATE_INFOPLIST_FILE = YES;
				IPHONEOS_DEPLOYMENT_TARGET = 16.4;
				MARKETING_VERSION = 1.0;
				PRODUCT_BUNDLE_IDENTIFIER = com.azharIslam.BennettsBlogTests;
				PRODUCT_NAME = "$(TARGET_NAME)";
				SWIFT_EMIT_LOC_STRINGS = NO;
				SWIFT_VERSION = 5.0;
				TARGETED_DEVICE_FAMILY = "1,2";
				TEST_HOST = "$(BUILT_PRODUCTS_DIR)/BennettsBlog.app/$(BUNDLE_EXECUTABLE_FOLDER_PATH)/BennettsBlog";
			};
			name = Release;
		};
		D0949F2F2A87DF1D00585482 /* Debug */ = {
			isa = XCBuildConfiguration;
			buildSettings = {
				ALWAYS_EMBED_SWIFT_STANDARD_LIBRARIES = YES;
				CODE_SIGN_STYLE = Automatic;
				CURRENT_PROJECT_VERSION = 1;
				DEVELOPMENT_TEAM = FZQXZ63VCV;
				GENERATE_INFOPLIST_FILE = YES;
				MARKETING_VERSION = 1.0;
				PRODUCT_BUNDLE_IDENTIFIER = com.azharIslam.BennettsBlogUITests;
				PRODUCT_NAME = "$(TARGET_NAME)";
				SWIFT_EMIT_LOC_STRINGS = NO;
				SWIFT_VERSION = 5.0;
				TARGETED_DEVICE_FAMILY = "1,2";
				TEST_TARGET_NAME = BennettsBlog;
			};
			name = Debug;
		};
		D0949F302A87DF1D00585482 /* Release */ = {
			isa = XCBuildConfiguration;
			buildSettings = {
				ALWAYS_EMBED_SWIFT_STANDARD_LIBRARIES = YES;
				CODE_SIGN_STYLE = Automatic;
				CURRENT_PROJECT_VERSION = 1;
				DEVELOPMENT_TEAM = FZQXZ63VCV;
				GENERATE_INFOPLIST_FILE = YES;
				MARKETING_VERSION = 1.0;
				PRODUCT_BUNDLE_IDENTIFIER = com.azharIslam.BennettsBlogUITests;
				PRODUCT_NAME = "$(TARGET_NAME)";
				SWIFT_EMIT_LOC_STRINGS = NO;
				SWIFT_VERSION = 5.0;
				TARGETED_DEVICE_FAMILY = "1,2";
				TEST_TARGET_NAME = BennettsBlog;
			};
			name = Release;
		};
/* End XCBuildConfiguration section */

/* Begin XCConfigurationList section */
		D0949EFF2A87DF1C00585482 /* Build configuration list for PBXProject "BennettsBlog" */ = {
			isa = XCConfigurationList;
			buildConfigurations = (
				D0949F262A87DF1D00585482 /* Debug */,
				D0949F272A87DF1D00585482 /* Release */,
			);
			defaultConfigurationIsVisible = 0;
			defaultConfigurationName = Release;
		};
		D0949F282A87DF1D00585482 /* Build configuration list for PBXNativeTarget "BennettsBlog" */ = {
			isa = XCConfigurationList;
			buildConfigurations = (
				D0949F292A87DF1D00585482 /* Debug */,
				D0949F2A2A87DF1D00585482 /* Release */,
			);
			defaultConfigurationIsVisible = 0;
			defaultConfigurationName = Release;
		};
		D0949F2B2A87DF1D00585482 /* Build configuration list for PBXNativeTarget "BennettsBlogTests" */ = {
			isa = XCConfigurationList;
			buildConfigurations = (
				D0949F2C2A87DF1D00585482 /* Debug */,
				D0949F2D2A87DF1D00585482 /* Release */,
			);
			defaultConfigurationIsVisible = 0;
			defaultConfigurationName = Release;
		};
		D0949F2E2A87DF1D00585482 /* Build configuration list for PBXNativeTarget "BennettsBlogUITests" */ = {
			isa = XCConfigurationList;
			buildConfigurations = (
				D0949F2F2A87DF1D00585482 /* Debug */,
				D0949F302A87DF1D00585482 /* Release */,
			);
			defaultConfigurationIsVisible = 0;
			defaultConfigurationName = Release;
		};
/* End XCConfigurationList section */
	};
	rootObject = D0949EFC2A87DF1C00585482 /* Project object */;
}
